
Microsoft Visual Studio Solution File, Format Version 12.00
# Visual Studio Version 17
VisualStudioVersion = 17.6.33829.357
MinimumVisualStudioVersion = 10.0.40219.1
Project("{FAE04EC0-301F-11D3-BF4B-00C04F79EFBC}") = "Bai3", "Bai3\Bai3.csproj", "{8CE1B117-6A6E-423E-9A8A-25DD619FBEE2}"
EndProject
Global
	GlobalSection(SolutionConfigurationPlatforms) = preSolution
		Debug|Any CPU = Debug|Any CPU
		Release|Any CPU = Release|Any CPU
	EndGlobalSection
	GlobalSection(ProjectConfigurationPlatforms) = postSolution
		{8CE1B117-6A6E-423E-9A8A-25DD619FBEE2}.Debug|Any CPU.ActiveCfg = Debug|Any CPU
		{8CE1B117-6A6E-423E-9A8A-25DD619FBEE2}.Debug|Any CPU.Build.0 = Debug|Any CPU
		{8CE1B117-6A6E-423E-9A8A-25DD619FBEE2}.Release|Any CPU.ActiveCfg = Release|Any CPU
		{8CE1B117-6A6E-423E-9A8A-25DD619FBEE2}.Release|Any CPU.Build.0 = Release|Any CPU
	EndGlobalSection
	GlobalSection(SolutionProperties) = preSolution
		HideSolutionNode = FALSE
	EndGlobalSection
	GlobalSection(ExtensibilityGlobals) = postSolution
		SolutionGuid = {E9ACCCF5-CB28-465B-961E-565DED32FB20}
	EndGlobalSection
EndGlobal
