
Microsoft Visual Studio Solution File, Format Version 12.00
# Visual Studio Version 16
VisualStudioVersion = 16.0.31605.320
MinimumVisualStudioVersion = 10.0.40219.1
Project("{FAE04EC0-301F-11D3-BF4B-00C04F79EFBC}") = "excelDemo", "excelDemo.csproj", "{319748AD-4734-4EE1-AB16-541613B71FDB}"
EndProject
Global
	GlobalSection(SolutionConfigurationPlatforms) = preSolution
		Debug|Any CPU = Debug|Any CPU
		Release|Any CPU = Release|Any CPU
	EndGlobalSection
	GlobalSection(ProjectConfigurationPlatforms) = postSolution
		{319748AD-4734-4EE1-AB16-541613B71FDB}.Debug|Any CPU.ActiveCfg = Debug|Any CPU
		{319748AD-4734-4EE1-AB16-541613B71FDB}.Debug|Any CPU.Build.0 = Debug|Any CPU
		{319748AD-4734-4EE1-AB16-541613B71FDB}.Release|Any CPU.ActiveCfg = Release|Any CPU
		{319748AD-4734-4EE1-AB16-541613B71FDB}.Release|Any CPU.Build.0 = Release|Any CPU
	EndGlobalSection
	GlobalSection(SolutionProperties) = preSolution
		HideSolutionNode = FALSE
	EndGlobalSection
	GlobalSection(ExtensibilityGlobals) = postSolution
		SolutionGuid = {CA698707-8B4A-4FBB-AD90-DB4EF2E5C949}
	EndGlobalSection
EndGlobal
